
Microsoft Visual Studio Solution File, Format Version 12.00
# Visual Studio Version 16
VisualStudioVersion = 16.0.30225.117
MinimumVisualStudioVersion = 10.0.40219.1
Project("{FAE04EC0-301F-11D3-BF4B-00C04F79EFBC}") = "ASP.NETCore_Training", "ASP.NETCore_Training\ASP.NETCore_Training.csproj", "{05D85DE3-39B3-4BD4-8FEF-A347311C7F2E}"
EndProject
Global
	GlobalSection(SolutionConfigurationPlatforms) = preSolution
		Debug|Any CPU = Debug|Any CPU
		Release|Any CPU = Release|Any CPU
	EndGlobalSection
	GlobalSection(ProjectConfigurationPlatforms) = postSolution
		{05D85DE3-39B3-4BD4-8FEF-A347311C7F2E}.Debug|Any CPU.ActiveCfg = Debug|Any CPU
		{05D85DE3-39B3-4BD4-8FEF-A347311C7F2E}.Debug|Any CPU.Build.0 = Debug|Any CPU
		{05D85DE3-39B3-4BD4-8FEF-A347311C7F2E}.Release|Any CPU.ActiveCfg = Release|Any CPU
		{05D85DE3-39B3-4BD4-8FEF-A347311C7F2E}.Release|Any CPU.Build.0 = Release|Any CPU
	EndGlobalSection
	GlobalSection(SolutionProperties) = preSolution
		HideSolutionNode = FALSE
	EndGlobalSection
	GlobalSection(ExtensibilityGlobals) = postSolution
		SolutionGuid = {15CB0BF6-38C6-46C6-8518-90B31EB5D203}
	EndGlobalSection
EndGlobal
